# THIS IS AN AUTOGENERATED FILE. DO NOT EDIT THIS FILE DIRECTLY.
# yarn lockfile v1


highcharts@^9.3.3:
  version "9.3.3"
  resolved "https://registry.yarnpkg.com/highcharts/-/highcharts-9.3.3.tgz#ae62178de788fd7934431aa26b8e250b8073c541"
  integrity sha512-QeOvm6cifeZYYdTLm4IxZsXcOE9c4xqfs0z0OJJ0z7hhA9WG0rmcVAyuIp5HBl/znjA/ayYHmpYjBYD/9PG4Fg==
